
Microsoft Visual Studio Solution File, Format Version 12.00
# Visual Studio Version 17
VisualStudioVersion = 17.14.36623.8 d17.14
MinimumVisualStudioVersion = 10.0.40219.1
Project("{FAE04EC0-301F-11D3-BF4B-00C04F79EFBC}") = "z1", "z1\z1.csproj", "{88640F05-9923-4420-A2F6-41D3A354F85C}"
EndProject
Project("{FAE04EC0-301F-11D3-BF4B-00C04F79EFBC}") = "z2", "z2\z2.csproj", "{DB9A23DC-9D2F-41C1-837C-E7D09663705D}"
EndProject
Project("{FAE04EC0-301F-11D3-BF4B-00C04F79EFBC}") = "z3", "z3\z3.csproj", "{D811D6BC-52F3-4C12-B403-D091912E0D6F}"
EndProject
Project("{FAE04EC0-301F-11D3-BF4B-00C04F79EFBC}") = "z4", "z4\z4.csproj", "{33042816-73EA-4385-88F7-A01690EE319C}"
EndProject
Global
	GlobalSection(SolutionConfigurationPlatforms) = preSolution
		Debug|Any CPU = Debug|Any CPU
		Release|Any CPU = Release|Any CPU
	EndGlobalSection
	GlobalSection(ProjectConfigurationPlatforms) = postSolution
		{88640F05-9923-4420-A2F6-41D3A354F85C}.Debug|Any CPU.ActiveCfg = Debug|Any CPU
		{88640F05-9923-4420-A2F6-41D3A354F85C}.Debug|Any CPU.Build.0 = Debug|Any CPU
		{88640F05-9923-4420-A2F6-41D3A354F85C}.Release|Any CPU.ActiveCfg = Release|Any CPU
		{88640F05-9923-4420-A2F6-41D3A354F85C}.Release|Any CPU.Build.0 = Release|Any CPU
		{DB9A23DC-9D2F-41C1-837C-E7D09663705D}.Debug|Any CPU.ActiveCfg = Debug|Any CPU
		{DB9A23DC-9D2F-41C1-837C-E7D09663705D}.Debug|Any CPU.Build.0 = Debug|Any CPU
		{DB9A23DC-9D2F-41C1-837C-E7D09663705D}.Release|Any CPU.ActiveCfg = Release|Any CPU
		{DB9A23DC-9D2F-41C1-837C-E7D09663705D}.Release|Any CPU.Build.0 = Release|Any CPU
		{D811D6BC-52F3-4C12-B403-D091912E0D6F}.Debug|Any CPU.ActiveCfg = Debug|Any CPU
		{D811D6BC-52F3-4C12-B403-D091912E0D6F}.Debug|Any CPU.Build.0 = Debug|Any CPU
		{D811D6BC-52F3-4C12-B403-D091912E0D6F}.Release|Any CPU.ActiveCfg = Release|Any CPU
		{D811D6BC-52F3-4C12-B403-D091912E0D6F}.Release|Any CPU.Build.0 = Release|Any CPU
		{33042816-73EA-4385-88F7-A01690EE319C}.Debug|Any CPU.ActiveCfg = Debug|Any CPU
		{33042816-73EA-4385-88F7-A01690EE319C}.Debug|Any CPU.Build.0 = Debug|Any CPU
		{33042816-73EA-4385-88F7-A01690EE319C}.Release|Any CPU.ActiveCfg = Release|Any CPU
		{33042816-73EA-4385-88F7-A01690EE319C}.Release|Any CPU.Build.0 = Release|Any CPU
	EndGlobalSection
	GlobalSection(SolutionProperties) = preSolution
		HideSolutionNode = FALSE
	EndGlobalSection
	GlobalSection(ExtensibilityGlobals) = postSolution
		SolutionGuid = {671D2FB9-5C3B-4AB4-AF04-3915BD45FFFA}
	EndGlobalSection
EndGlobal
